
Microsoft Visual Studio Solution File, Format Version 12.00
# Visual Studio Version 17
VisualStudioVersion = 17.0.31903.59
MinimumVisualStudioVersion = 10.0.40219.1
Project("{2150E333-8FDC-42A3-9474-1A3956D46DE8}") = "src", "src", "{AF1E4089-1763-447D-988F-29408CC7CA27}"
EndProject
Project("{FAE04EC0-301F-11D3-BF4B-00C04F79EFBC}") = "AuctionService", "src\AuctionService\AuctionService.csproj", "{A1BDE2E6-E9E7-4100-8FE7-8FE390FEA2BD}"
EndProject
Global
	GlobalSection(SolutionConfigurationPlatforms) = preSolution
		Debug|Any CPU = Debug|Any CPU
		Release|Any CPU = Release|Any CPU
	EndGlobalSection
	GlobalSection(SolutionProperties) = preSolution
		HideSolutionNode = FALSE
	EndGlobalSection
	GlobalSection(ProjectConfigurationPlatforms) = postSolution
		{A1BDE2E6-E9E7-4100-8FE7-8FE390FEA2BD}.Debug|Any CPU.ActiveCfg = Debug|Any CPU
		{A1BDE2E6-E9E7-4100-8FE7-8FE390FEA2BD}.Debug|Any CPU.Build.0 = Debug|Any CPU
		{A1BDE2E6-E9E7-4100-8FE7-8FE390FEA2BD}.Release|Any CPU.ActiveCfg = Release|Any CPU
		{A1BDE2E6-E9E7-4100-8FE7-8FE390FEA2BD}.Release|Any CPU.Build.0 = Release|Any CPU
	EndGlobalSection
	GlobalSection(NestedProjects) = preSolution
		{A1BDE2E6-E9E7-4100-8FE7-8FE390FEA2BD} = {AF1E4089-1763-447D-988F-29408CC7CA27}
	EndGlobalSection
EndGlobal
